// !$*UTF8*$!
{
	archiveVersion = 1;
	classes = {
	};
	objectVersion = 56;
	objects = {

/* Begin PBXBuildFile section */
		227642CC2BB91B9D00E2B034 /* FireballViewModel.swift in Sources */ = {isa = PBXBuildFile; fileRef = 227642CB2BB91B9D00E2B034 /* FireballViewModel.swift */; };
		227642CE2BB91BB100E2B034 /* HandTrackModel.swift in Sources */ = {isa = PBXBuildFile; fileRef = 227642CD2BB91BB100E2B034 /* HandTrackModel.swift */; };
		2276431E2BB96F6700E2B034 /* EasterEgg.swift in Sources */ = {isa = PBXBuildFile; fileRef = 2276431D2BB96F6700E2B034 /* EasterEgg.swift */; };
		227D11272BB8A324000FCBE4 /* RealityKitContent in Frameworks */ = {isa = PBXBuildFile; productRef = 227D11262BB8A324000FCBE4 /* RealityKitContent */; };
		227D11292BB8A324000FCBE4 /* CommonSpaceApp.swift in Sources */ = {isa = PBXBuildFile; fileRef = 227D11282BB8A324000FCBE4 /* CommonSpaceApp.swift */; };
		227D112B2BB8A324000FCBE4 /* ContentView.swift in Sources */ = {isa = PBXBuildFile; fileRef = 227D112A2BB8A324000FCBE4 /* ContentView.swift */; };
		227D112D2BB8A324000FCBE4 /* ImmersiveView.swift in Sources */ = {isa = PBXBuildFile; fileRef = 227D112C2BB8A324000FCBE4 /* ImmersiveView.swift */; };
		227D112F2BB8A325000FCBE4 /* Assets.xcassets in Resources */ = {isa = PBXBuildFile; fileRef = 227D112E2BB8A325000FCBE4 /* Assets.xcassets */; };
		227D11322BB8A325000FCBE4 /* Preview Assets.xcassets in Resources */ = {isa = PBXBuildFile; fileRef = 227D11312BB8A325000FCBE4 /* Preview Assets.xcassets */; };
		227D113A2BB8A834000FCBE4 /* ARUnderstandingModel.swift in Sources */ = {isa = PBXBuildFile; fileRef = 227D11392BB8A834000FCBE4 /* ARUnderstandingModel.swift */; };
		227D113C2BB8A8F8000FCBE4 /* CommonSpaceViewModel.swift in Sources */ = {isa = PBXBuildFile; fileRef = 227D113B2BB8A8F8000FCBE4 /* CommonSpaceViewModel.swift */; };
/* End PBXBuildFile section */

/* Begin PBXFileReference section */
		227642CB2BB91B9D00E2B034 /* FireballViewModel.swift */ = {isa = PBXFileReference; lastKnownFileType = sourcecode.swift; path = FireballViewModel.swift; sourceTree = "<group>"; };
		227642CD2BB91BB100E2B034 /* HandTrackModel.swift */ = {isa = PBXFileReference; lastKnownFileType = sourcecode.swift; path = HandTrackModel.swift; sourceTree = "<group>"; };
		2276431D2BB96F6700E2B034 /* EasterEgg.swift */ = {isa = PBXFileReference; lastKnownFileType = sourcecode.swift; path = EasterEgg.swift; sourceTree = "<group>"; };
		227D11212BB8A324000FCBE4 /* CommonSpace.app */ = {isa = PBXFileReference; explicitFileType = wrapper.application; includeInIndex = 0; path = CommonSpace.app; sourceTree = BUILT_PRODUCTS_DIR; };
		227D11252BB8A324000FCBE4 /* RealityKitContent */ = {isa = PBXFileReference; lastKnownFileType = wrapper; path = RealityKitContent; sourceTree = "<group>"; };
		227D11282BB8A324000FCBE4 /* CommonSpaceApp.swift */ = {isa = PBXFileReference; lastKnownFileType = sourcecode.swift; path = CommonSpaceApp.swift; sourceTree = "<group>"; };
		227D112A2BB8A324000FCBE4 /* ContentView.swift */ = {isa = PBXFileReference; lastKnownFileType = sourcecode.swift; path = ContentView.swift; sourceTree = "<group>"; };
		227D112C2BB8A324000FCBE4 /* ImmersiveView.swift */ = {isa = PBXFileReference; lastKnownFileType = sourcecode.swift; path = ImmersiveView.swift; sourceTree = "<group>"; };
		227D112E2BB8A325000FCBE4 /* Assets.xcassets */ = {isa = PBXFileReference; lastKnownFileType = folder.assetcatalog; path = Assets.xcassets; sourceTree = "<group>"; };
		227D11312BB8A325000FCBE4 /* Preview Assets.xcassets */ = {isa = PBXFileReference; lastKnownFileType = folder.assetcatalog; path = "Preview Assets.xcassets"; sourceTree = "<group>"; };
		227D11332BB8A325000FCBE4 /* Info.plist */ = {isa = PBXFileReference; lastKnownFileType = text.plist.xml; path = Info.plist; sourceTree = "<group>"; };
		227D11392BB8A834000FCBE4 /* ARUnderstandingModel.swift */ = {isa = PBXFileReference; lastKnownFileType = sourcecode.swift; path = ARUnderstandingModel.swift; sourceTree = "<group>"; };
		227D113B2BB8A8F8000FCBE4 /* CommonSpaceViewModel.swift */ = {isa = PBXFileReference; lastKnownFileType = sourcecode.swift; path = CommonSpaceViewModel.swift; sourceTree = "<group>"; };
/* End PBXFileReference section */

/* Begin PBXFrameworksBuildPhase section */
		227D111E2BB8A324000FCBE4 /* Frameworks */ = {
			isa = PBXFrameworksBuildPhase;
			buildActionMask = 2147483647;
			files = (
				227D11272BB8A324000FCBE4 /* RealityKitContent in Frameworks */,
			);
			runOnlyForDeploymentPostprocessing = 0;
		};
/* End PBXFrameworksBuildPhase section */

/* Begin PBXGroup section */
		227D11182BB8A324000FCBE4 = {
			isa = PBXGroup;
			children = (
				227D11232BB8A324000FCBE4 /* CommonSpace */,
				227D11242BB8A324000FCBE4 /* Packages */,
				227D11222BB8A324000FCBE4 /* Products */,
			);
			sourceTree = "<group>";
		};
		227D11222BB8A324000FCBE4 /* Products */ = {
			isa = PBXGroup;
			children = (
				227D11212BB8A324000FCBE4 /* CommonSpace.app */,
			);
			name = Products;
			sourceTree = "<group>";
		};
		227D11232BB8A324000FCBE4 /* CommonSpace */ = {
			isa = PBXGroup;
			children = (
				227D11282BB8A324000FCBE4 /* CommonSpaceApp.swift */,
				227642CB2BB91B9D00E2B034 /* FireballViewModel.swift */,
				227642CD2BB91BB100E2B034 /* HandTrackModel.swift */,
				227D112A2BB8A324000FCBE4 /* ContentView.swift */,
				227D113B2BB8A8F8000FCBE4 /* CommonSpaceViewModel.swift */,
				2276431D2BB96F6700E2B034 /* EasterEgg.swift */,
				227D11392BB8A834000FCBE4 /* ARUnderstandingModel.swift */,
				227D112C2BB8A324000FCBE4 /* ImmersiveView.swift */,
				227D112E2BB8A325000FCBE4 /* Assets.xcassets */,
				227D11332BB8A325000FCBE4 /* Info.plist */,
				227D11302BB8A325000FCBE4 /* Preview Content */,
			);
			path = CommonSpace;
			sourceTree = "<group>";
		};
		227D11242BB8A324000FCBE4 /* Packages */ = {
			isa = PBXGroup;
			children = (
				227D11252BB8A324000FCBE4 /* RealityKitContent */,
			);
			path = Packages;
			sourceTree = "<group>";
		};
		227D11302BB8A325000FCBE4 /* Preview Content */ = {
			isa = PBXGroup;
			children = (
				227D11312BB8A325000FCBE4 /* Preview Assets.xcassets */,
			);
			path = "Preview Content";
			sourceTree = "<group>";
		};
/* End PBXGroup section */

/* Begin PBXNativeTarget section */
		227D11202BB8A324000FCBE4 /* CommonSpace */ = {
			isa = PBXNativeTarget;
			buildConfigurationList = 227D11362BB8A325000FCBE4 /* Build configuration list for PBXNativeTarget "CommonSpace" */;
			buildPhases = (
				227D111D2BB8A324000FCBE4 /* Sources */,
				227D111E2BB8A324000FCBE4 /* Frameworks */,
				227D111F2BB8A324000FCBE4 /* Resources */,
			);
			buildRules = (
			);
			dependencies = (
			);
			name = CommonSpace;
			packageProductDependencies = (
				227D11262BB8A324000FCBE4 /* RealityKitContent */,
			);
			productName = CommonSpace;
			productReference = 227D11212BB8A324000FCBE4 /* CommonSpace.app */;
			productType = "com.apple.product-type.application";
		};
/* End PBXNativeTarget section */

/* Begin PBXProject section */
		227D11192BB8A324000FCBE4 /* Project object */ = {
			isa = PBXProject;
			attributes = {
				BuildIndependentTargetsInParallel = 1;
				LastSwiftUpdateCheck = 1530;
				LastUpgradeCheck = 1530;
				TargetAttributes = {
					227D11202BB8A324000FCBE4 = {
						CreatedOnToolsVersion = 15.3;
					};
				};
			};
			buildConfigurationList = 227D111C2BB8A324000FCBE4 /* Build configuration list for PBXProject "CommonSpace" */;
			compatibilityVersion = "Xcode 14.0";
			developmentRegion = en;
			hasScannedForEncodings = 0;
			knownRegions = (
				en,
				Base,
			);
			mainGroup = 227D11182BB8A324000FCBE4;
			productRefGroup = 227D11222BB8A324000FCBE4 /* Products */;
			projectDirPath = "";
			projectRoot = "";
			targets = (
				227D11202BB8A324000FCBE4 /* CommonSpace */,
			);
		};
/* End PBXProject section */

/* Begin PBXResourcesBuildPhase section */
		227D111F2BB8A324000FCBE4 /* Resources */ = {
			isa = PBXResourcesBuildPhase;
			buildActionMask = 2147483647;
			files = (
				227D11322BB8A325000FCBE4 /* Preview Assets.xcassets in Resources */,
				227D112F2BB8A325000FCBE4 /* Assets.xcassets in Resources */,
			);
			runOnlyForDeploymentPostprocessing = 0;
		};
/* End PBXResourcesBuildPhase section */

/* Begin PBXSourcesBuildPhase section */
		227D111D2BB8A324000FCBE4 /* Sources */ = {
			isa = PBXSourcesBuildPhase;
			buildActionMask = 2147483647;
			files = (
				227D112B2BB8A324000FCBE4 /* ContentView.swift in Sources */,
				2276431E2BB96F6700E2B034 /* EasterEgg.swift in Sources */,
				227642CE2BB91BB100E2B034 /* HandTrackModel.swift in Sources */,
				227D11292BB8A324000FCBE4 /* CommonSpaceApp.swift in Sources */,
				227D112D2BB8A324000FCBE4 /* ImmersiveView.swift in Sources */,
				227642CC2BB91B9D00E2B034 /* FireballViewModel.swift in Sources */,
				227D113A2BB8A834000FCBE4 /* ARUnderstandingModel.swift in Sources */,
				227D113C2BB8A8F8000FCBE4 /* CommonSpaceViewModel.swift in Sources */,
			);
			runOnlyForDeploymentPostprocessing = 0;
		};
/* End PBXSourcesBuildPhase section */

/* Begin XCBuildConfiguration section */
		227D11342BB8A325000FCBE4 /* Debug */ = {
			isa = XCBuildConfiguration;
			buildSettings = {
				ALWAYS_SEARCH_USER_PATHS = NO;
				ASSETCATALOG_COMPILER_GENERATE_SWIFT_ASSET_SYMBOL_EXTENSIONS = YES;
				CLANG_ANALYZER_NONNULL = YES;
				CLANG_ANALYZER_NUMBER_OBJECT_CONVERSION = YES_AGGRESSIVE;
				CLANG_CXX_LANGUAGE_STANDARD = "gnu++20";
				CLANG_ENABLE_MODULES = YES;
				CLANG_ENABLE_OBJC_ARC = YES;
				CLANG_ENABLE_OBJC_WEAK = YES;
				CLANG_WARN_BLOCK_CAPTURE_AUTORELEASING = YES;
				CLANG_WARN_BOOL_CONVERSION = YES;
				CLANG_WARN_COMMA = YES;
				CLANG_WARN_CONSTANT_CONVERSION = YES;
				CLANG_WARN_DEPRECATED_OBJC_IMPLEMENTATIONS = YES;
				CLANG_WARN_DIRECT_OBJC_ISA_USAGE = YES_ERROR;
				CLANG_WARN_DOCUMENTATION_COMMENTS = YES;
				CLANG_WARN_EMPTY_BODY = YES;
				CLANG_WARN_ENUM_CONVERSION = YES;
				CLANG_WARN_INFINITE_RECURSION = YES;
				CLANG_WARN_INT_CONVERSION = YES;
				CLANG_WARN_NON_LITERAL_NULL_CONVERSION = YES;
				CLANG_WARN_OBJC_IMPLICIT_RETAIN_SELF = YES;
				CLANG_WARN_OBJC_LITERAL_CONVERSION = YES;
				CLANG_WARN_OBJC_ROOT_CLASS = YES_ERROR;
				CLANG_WARN_QUOTED_INCLUDE_IN_FRAMEWORK_HEADER = YES;
				CLANG_WARN_RANGE_LOOP_ANALYSIS = YES;
				CLANG_WARN_STRICT_PROTOTYPES = YES;
				CLANG_WARN_SUSPICIOUS_MOVE = YES;
				CLANG_WARN_UNGUARDED_AVAILABILITY = YES_AGGRESSIVE;
				CLANG_WARN_UNREACHABLE_CODE = YES;
				CLANG_WARN__DUPLICATE_METHOD_MATCH = YES;
				COPY_PHASE_STRIP = NO;
				DEBUG_INFORMATION_FORMAT = dwarf;
				ENABLE_STRICT_OBJC_MSGSEND = YES;
				ENABLE_TESTABILITY = YES;
				ENABLE_USER_SCRIPT_SANDBOXING = YES;
				GCC_C_LANGUAGE_STANDARD = gnu17;
				GCC_DYNAMIC_NO_PIC = NO;
				GCC_NO_COMMON_BLOCKS = YES;
				GCC_OPTIMIZATION_LEVEL = 0;
				GCC_PREPROCESSOR_DEFINITIONS = (
					"DEBUG=1",
					"$(inherited)",
				);
				GCC_WARN_64_TO_32_BIT_CONVERSION = YES;
				GCC_WARN_ABOUT_RETURN_TYPE = YES_ERROR;
				GCC_WARN_UNDECLARED_SELECTOR = YES;
				GCC_WARN_UNINITIALIZED_AUTOS = YES_AGGRESSIVE;
				GCC_WARN_UNUSED_FUNCTION = YES;
				GCC_WARN_UNUSED_VARIABLE = YES;
				LOCALIZATION_PREFERS_STRING_CATALOGS = YES;
				MTL_ENABLE_DEBUG_INFO = INCLUDE_SOURCE;
				MTL_FAST_MATH = YES;
				ONLY_ACTIVE_ARCH = YES;
				SDKROOT = xros;
				SWIFT_ACTIVE_COMPILATION_CONDITIONS = "DEBUG $(inherited)";
				SWIFT_OPTIMIZATION_LEVEL = "-Onone";
				XROS_DEPLOYMENT_TARGET = 1.1;
			};
			name = Debug;
		};
		227D11352BB8A325000FCBE4 /* Release */ = {
			isa = XCBuildConfiguration;
			buildSettings = {
				ALWAYS_SEARCH_USER_PATHS = NO;
				ASSETCATALOG_COMPILER_GENERATE_SWIFT_ASSET_SYMBOL_EXTENSIONS = YES;
				CLANG_ANALYZER_NONNULL = YES;
				CLANG_ANALYZER_NUMBER_OBJECT_CONVERSION = YES_AGGRESSIVE;
				CLANG_CXX_LANGUAGE_STANDARD = "gnu++20";
				CLANG_ENABLE_MODULES = YES;
				CLANG_ENABLE_OBJC_ARC = YES;
				CLANG_ENABLE_OBJC_WEAK = YES;
				CLANG_WARN_BLOCK_CAPTURE_AUTORELEASING = YES;
				CLANG_WARN_BOOL_CONVERSION = YES;
				CLANG_WARN_COMMA = YES;
				CLANG_WARN_CONSTANT_CONVERSION = YES;
				CLANG_WARN_DEPRECATED_OBJC_IMPLEMENTATIONS = YES;
				CLANG_WARN_DIRECT_OBJC_ISA_USAGE = YES_ERROR;
				CLANG_WARN_DOCUMENTATION_COMMENTS = YES;
				CLANG_WARN_EMPTY_BODY = YES;
				CLANG_WARN_ENUM_CONVERSION = YES;
				CLANG_WARN_INFINITE_RECURSION = YES;
				CLANG_WARN_INT_CONVERSION = YES;
				CLANG_WARN_NON_LITERAL_NULL_CONVERSION = YES;
				CLANG_WARN_OBJC_IMPLICIT_RETAIN_SELF = YES;
				CLANG_WARN_OBJC_LITERAL_CONVERSION = YES;
				CLANG_WARN_OBJC_ROOT_CLASS = YES_ERROR;
				CLANG_WARN_QUOTED_INCLUDE_IN_FRAMEWORK_HEADER = YES;
				CLANG_WARN_RANGE_LOOP_ANALYSIS = YES;
				CLANG_WARN_STRICT_PROTOTYPES = YES;
				CLANG_WARN_SUSPICIOUS_MOVE = YES;
				CLANG_WARN_UNGUARDED_AVAILABILITY = YES_AGGRESSIVE;
				CLANG_WARN_UNREACHABLE_CODE = YES;
				CLANG_WARN__DUPLICATE_METHOD_MATCH = YES;
				COPY_PHASE_STRIP = NO;
				DEBUG_INFORMATION_FORMAT = "dwarf-with-dsym";
				ENABLE_NS_ASSERTIONS = NO;
				ENABLE_STRICT_OBJC_MSGSEND = YES;
				ENABLE_USER_SCRIPT_SANDBOXING = YES;
				GCC_C_LANGUAGE_STANDARD = gnu17;
				GCC_NO_COMMON_BLOCKS = YES;
				GCC_WARN_64_TO_32_BIT_CONVERSION = YES;
				GCC_WARN_ABOUT_RETURN_TYPE = YES_ERROR;
				GCC_WARN_UNDECLARED_SELECTOR = YES;
				GCC_WARN_UNINITIALIZED_AUTOS = YES_AGGRESSIVE;
				GCC_WARN_UNUSED_FUNCTION = YES;
				GCC_WARN_UNUSED_VARIABLE = YES;
				LOCALIZATION_PREFERS_STRING_CATALOGS = YES;
				MTL_ENABLE_DEBUG_INFO = NO;
				MTL_FAST_MATH = YES;
				SDKROOT = xros;
				SWIFT_COMPILATION_MODE = wholemodule;
				VALIDATE_PRODUCT = YES;
				XROS_DEPLOYMENT_TARGET = 1.1;
			};
			name = Release;
		};
		227D11372BB8A325000FCBE4 /* Debug */ = {
			isa = XCBuildConfiguration;
			buildSettings = {
				ASSETCATALOG_COMPILER_APPICON_NAME = AppIcon;
				ASSETCATALOG_COMPILER_GLOBAL_ACCENT_COLOR_NAME = AccentColor;
				CODE_SIGN_STYLE = Automatic;
				CURRENT_PROJECT_VERSION = 1;
				DEVELOPMENT_ASSET_PATHS = "\"CommonSpace/Preview Content\"";
				DEVELOPMENT_TEAM = CATM9F8TCA;
				ENABLE_PREVIEWS = YES;
				GENERATE_INFOPLIST_FILE = YES;
				INFOPLIST_FILE = "$(TARGET_NAME)/Info.plist";
				LD_RUNPATH_SEARCH_PATHS = (
					"$(inherited)",
					"@executable_path/Frameworks",
				);
				MARKETING_VERSION = 1.0;
				PRODUCT_BUNDLE_IDENTIFIER = com.lextech.test.CommonSpace;
				PRODUCT_NAME = "$(TARGET_NAME)";
				SUPPORTED_PLATFORMS = "xros xrsimulator";
				SWIFT_EMIT_LOC_STRINGS = YES;
				SWIFT_VERSION = 5.0;
				TARGETED_DEVICE_FAMILY = "1,2,7";
			};
			name = Debug;
		};
		227D11382BB8A325000FCBE4 /* Release */ = {
			isa = XCBuildConfiguration;
			buildSettings = {
				ASSETCATALOG_COMPILER_APPICON_NAME = AppIcon;
				ASSETCATALOG_COMPILER_GLOBAL_ACCENT_COLOR_NAME = AccentColor;
				CODE_SIGN_STYLE = Automatic;
				CURRENT_PROJECT_VERSION = 1;
				DEVELOPMENT_ASSET_PATHS = "\"CommonSpace/Preview Content\"";
				DEVELOPMENT_TEAM = CATM9F8TCA;
				ENABLE_PREVIEWS = YES;
				GENERATE_INFOPLIST_FILE = YES;
				INFOPLIST_FILE = "$(TARGET_NAME)/Info.plist";
				LD_RUNPATH_SEARCH_PATHS = (
					"$(inherited)",
					"@executable_path/Frameworks",
				);
				MARKETING_VERSION = 1.0;
				PRODUCT_BUNDLE_IDENTIFIER = com.lextech.test.CommonSpace;
				PRODUCT_NAME = "$(TARGET_NAME)";
				SUPPORTED_PLATFORMS = "xros xrsimulator";
				SWIFT_EMIT_LOC_STRINGS = YES;
				SWIFT_VERSION = 5.0;
				TARGETED_DEVICE_FAMILY = "1,2,7";
			};
			name = Release;
		};
/* End XCBuildConfiguration section */

/* Begin XCConfigurationList section */
		227D111C2BB8A324000FCBE4 /* Build configuration list for PBXProject "CommonSpace" */ = {
			isa = XCConfigurationList;
			buildConfigurations = (
				227D11342BB8A325000FCBE4 /* Debug */,
				227D11352BB8A325000FCBE4 /* Release */,
			);
			defaultConfigurationIsVisible = 0;
			defaultConfigurationName = Release;
		};
		227D11362BB8A325000FCBE4 /* Build configuration list for PBXNativeTarget "CommonSpace" */ = {
			isa = XCConfigurationList;
			buildConfigurations = (
				227D11372BB8A325000FCBE4 /* Debug */,
				227D11382BB8A325000FCBE4 /* Release */,
			);
			defaultConfigurationIsVisible = 0;
			defaultConfigurationName = Release;
		};
/* End XCConfigurationList section */

/* Begin XCSwiftPackageProductDependency section */
		227D11262BB8A324000FCBE4 /* RealityKitContent */ = {
			isa = XCSwiftPackageProductDependency;
			productName = RealityKitContent;
		};
/* End XCSwiftPackageProductDependency section */
	};
	rootObject = 227D11192BB8A324000FCBE4 /* Project object */;
}
