// !$*UTF8*$!
{
	archiveVersion = 1;
	classes = {
	};
	objectVersion = 56;
	objects = {

/* Begin PBXBuildFile section */
		4C81BC1F2BB8FD2700F6177B /* ViewModel.swift in Sources */ = {isa = PBXBuildFile; fileRef = 4C81BC1E2BB8FD2700F6177B /* ViewModel.swift */; };
		4CF27A522BB8BD8300ED8C4D /* RealityKitContent in Frameworks */ = {isa = PBXBuildFile; productRef = 4CF27A512BB8BD8300ED8C4D /* RealityKitContent */; };
		4CF27A542BB8BD8300ED8C4D /* SharedSpaceMenuApp.swift in Sources */ = {isa = PBXBuildFile; fileRef = 4CF27A532BB8BD8300ED8C4D /* SharedSpaceMenuApp.swift */; };
		4CF27A562BB8BD8300ED8C4D /* ContentView.swift in Sources */ = {isa = PBXBuildFile; fileRef = 4CF27A552BB8BD8300ED8C4D /* ContentView.swift */; };
		4CF27A582BB8BD8300ED8C4D /* ImmersiveView.swift in Sources */ = {isa = PBXBuildFile; fileRef = 4CF27A572BB8BD8300ED8C4D /* ImmersiveView.swift */; };
		4CF27A5A2BB8BD8500ED8C4D /* Assets.xcassets in Resources */ = {isa = PBXBuildFile; fileRef = 4CF27A592BB8BD8500ED8C4D /* Assets.xcassets */; };
		4CF27A5D2BB8BD8500ED8C4D /* Preview Assets.xcassets in Resources */ = {isa = PBXBuildFile; fileRef = 4CF27A5C2BB8BD8500ED8C4D /* Preview Assets.xcassets */; };
		4CF27A662BB8BDB800ED8C4D /* SharedSpaceModel.swift in Sources */ = {isa = PBXBuildFile; fileRef = 4CF27A652BB8BDB800ED8C4D /* SharedSpaceModel.swift */; };
		4CF27A682BB8CB3300ED8C4D /* pancakes.usdz in Resources */ = {isa = PBXBuildFile; fileRef = 4CF27A672BB8CB3300ED8C4D /* pancakes.usdz */; };
		4CF27A6A2BB8CD1400ED8C4D /* HandTrackModel.swift in Sources */ = {isa = PBXBuildFile; fileRef = 4CF27A692BB8CD1400ED8C4D /* HandTrackModel.swift */; };
/* End PBXBuildFile section */

/* Begin PBXFileReference section */
		4C81BC1E2BB8FD2700F6177B /* ViewModel.swift */ = {isa = PBXFileReference; lastKnownFileType = sourcecode.swift; path = ViewModel.swift; sourceTree = "<group>"; };
		4CF27A4C2BB8BD8300ED8C4D /* SharedSpaceMenu.app */ = {isa = PBXFileReference; explicitFileType = wrapper.application; includeInIndex = 0; path = SharedSpaceMenu.app; sourceTree = BUILT_PRODUCTS_DIR; };
		4CF27A502BB8BD8300ED8C4D /* RealityKitContent */ = {isa = PBXFileReference; lastKnownFileType = wrapper; path = RealityKitContent; sourceTree = "<group>"; };
		4CF27A532BB8BD8300ED8C4D /* SharedSpaceMenuApp.swift */ = {isa = PBXFileReference; lastKnownFileType = sourcecode.swift; path = SharedSpaceMenuApp.swift; sourceTree = "<group>"; };
		4CF27A552BB8BD8300ED8C4D /* ContentView.swift */ = {isa = PBXFileReference; lastKnownFileType = sourcecode.swift; path = ContentView.swift; sourceTree = "<group>"; };
		4CF27A572BB8BD8300ED8C4D /* ImmersiveView.swift */ = {isa = PBXFileReference; lastKnownFileType = sourcecode.swift; path = ImmersiveView.swift; sourceTree = "<group>"; };
		4CF27A592BB8BD8500ED8C4D /* Assets.xcassets */ = {isa = PBXFileReference; lastKnownFileType = folder.assetcatalog; path = Assets.xcassets; sourceTree = "<group>"; };
		4CF27A5C2BB8BD8500ED8C4D /* Preview Assets.xcassets */ = {isa = PBXFileReference; lastKnownFileType = folder.assetcatalog; path = "Preview Assets.xcassets"; sourceTree = "<group>"; };
		4CF27A5E2BB8BD8500ED8C4D /* Info.plist */ = {isa = PBXFileReference; lastKnownFileType = text.plist.xml; path = Info.plist; sourceTree = "<group>"; };
		4CF27A652BB8BDB800ED8C4D /* SharedSpaceModel.swift */ = {isa = PBXFileReference; lastKnownFileType = sourcecode.swift; path = SharedSpaceModel.swift; sourceTree = "<group>"; };
		4CF27A672BB8CB3300ED8C4D /* pancakes.usdz */ = {isa = PBXFileReference; lastKnownFileType = file.usdz; path = pancakes.usdz; sourceTree = "<group>"; };
		4CF27A692BB8CD1400ED8C4D /* HandTrackModel.swift */ = {isa = PBXFileReference; lastKnownFileType = sourcecode.swift; path = HandTrackModel.swift; sourceTree = "<group>"; };
/* End PBXFileReference section */

/* Begin PBXFrameworksBuildPhase section */
		4CF27A492BB8BD8300ED8C4D /* Frameworks */ = {
			isa = PBXFrameworksBuildPhase;
			buildActionMask = 2147483647;
			files = (
				4CF27A522BB8BD8300ED8C4D /* RealityKitContent in Frameworks */,
			);
			runOnlyForDeploymentPostprocessing = 0;
		};
/* End PBXFrameworksBuildPhase section */

/* Begin PBXGroup section */
		4CF27A432BB8BD8300ED8C4D = {
			isa = PBXGroup;
			children = (
				4CF27A4E2BB8BD8300ED8C4D /* SharedSpaceMenu */,
				4CF27A4F2BB8BD8300ED8C4D /* Packages */,
				4CF27A4D2BB8BD8300ED8C4D /* Products */,
			);
			sourceTree = "<group>";
		};
		4CF27A4D2BB8BD8300ED8C4D /* Products */ = {
			isa = PBXGroup;
			children = (
				4CF27A4C2BB8BD8300ED8C4D /* SharedSpaceMenu.app */,
			);
			name = Products;
			sourceTree = "<group>";
		};
		4CF27A4E2BB8BD8300ED8C4D /* SharedSpaceMenu */ = {
			isa = PBXGroup;
			children = (
				4CF27A642BB8BD8F00ED8C4D /* Model */,
				4CF27A532BB8BD8300ED8C4D /* SharedSpaceMenuApp.swift */,
				4CF27A672BB8CB3300ED8C4D /* pancakes.usdz */,
				4CF27A552BB8BD8300ED8C4D /* ContentView.swift */,
				4CF27A572BB8BD8300ED8C4D /* ImmersiveView.swift */,
				4CF27A592BB8BD8500ED8C4D /* Assets.xcassets */,
				4CF27A5E2BB8BD8500ED8C4D /* Info.plist */,
				4CF27A5B2BB8BD8500ED8C4D /* Preview Content */,
				4CF27A692BB8CD1400ED8C4D /* HandTrackModel.swift */,
			);
			path = SharedSpaceMenu;
			sourceTree = "<group>";
		};
		4CF27A4F2BB8BD8300ED8C4D /* Packages */ = {
			isa = PBXGroup;
			children = (
				4CF27A502BB8BD8300ED8C4D /* RealityKitContent */,
			);
			path = Packages;
			sourceTree = "<group>";
		};
		4CF27A5B2BB8BD8500ED8C4D /* Preview Content */ = {
			isa = PBXGroup;
			children = (
				4CF27A5C2BB8BD8500ED8C4D /* Preview Assets.xcassets */,
			);
			path = "Preview Content";
			sourceTree = "<group>";
		};
		4CF27A642BB8BD8F00ED8C4D /* Model */ = {
			isa = PBXGroup;
			children = (
				4CF27A652BB8BDB800ED8C4D /* SharedSpaceModel.swift */,
				4C81BC1E2BB8FD2700F6177B /* ViewModel.swift */,
			);
			path = Model;
			sourceTree = "<group>";
		};
/* End PBXGroup section */

/* Begin PBXNativeTarget section */
		4CF27A4B2BB8BD8300ED8C4D /* SharedSpaceMenu */ = {
			isa = PBXNativeTarget;
			buildConfigurationList = 4CF27A612BB8BD8500ED8C4D /* Build configuration list for PBXNativeTarget "SharedSpaceMenu" */;
			buildPhases = (
				4CF27A482BB8BD8300ED8C4D /* Sources */,
				4CF27A492BB8BD8300ED8C4D /* Frameworks */,
				4CF27A4A2BB8BD8300ED8C4D /* Resources */,
			);
			buildRules = (
			);
			dependencies = (
			);
			name = SharedSpaceMenu;
			packageProductDependencies = (
				4CF27A512BB8BD8300ED8C4D /* RealityKitContent */,
			);
			productName = SharedSpaceMenu;
			productReference = 4CF27A4C2BB8BD8300ED8C4D /* SharedSpaceMenu.app */;
			productType = "com.apple.product-type.application";
		};
/* End PBXNativeTarget section */

/* Begin PBXProject section */
		4CF27A442BB8BD8300ED8C4D /* Project object */ = {
			isa = PBXProject;
			attributes = {
				BuildIndependentTargetsInParallel = 1;
				LastSwiftUpdateCheck = 1520;
				LastUpgradeCheck = 1520;
				TargetAttributes = {
					4CF27A4B2BB8BD8300ED8C4D = {
						CreatedOnToolsVersion = 15.2;
					};
				};
			};
			buildConfigurationList = 4CF27A472BB8BD8300ED8C4D /* Build configuration list for PBXProject "SharedSpaceMenu" */;
			compatibilityVersion = "Xcode 14.0";
			developmentRegion = en;
			hasScannedForEncodings = 0;
			knownRegions = (
				en,
				Base,
			);
			mainGroup = 4CF27A432BB8BD8300ED8C4D;
			productRefGroup = 4CF27A4D2BB8BD8300ED8C4D /* Products */;
			projectDirPath = "";
			projectRoot = "";
			targets = (
				4CF27A4B2BB8BD8300ED8C4D /* SharedSpaceMenu */,
			);
		};
/* End PBXProject section */

/* Begin PBXResourcesBuildPhase section */
		4CF27A4A2BB8BD8300ED8C4D /* Resources */ = {
			isa = PBXResourcesBuildPhase;
			buildActionMask = 2147483647;
			files = (
				4CF27A682BB8CB3300ED8C4D /* pancakes.usdz in Resources */,
				4CF27A5D2BB8BD8500ED8C4D /* Preview Assets.xcassets in Resources */,
				4CF27A5A2BB8BD8500ED8C4D /* Assets.xcassets in Resources */,
			);
			runOnlyForDeploymentPostprocessing = 0;
		};
/* End PBXResourcesBuildPhase section */

/* Begin PBXSourcesBuildPhase section */
		4CF27A482BB8BD8300ED8C4D /* Sources */ = {
			isa = PBXSourcesBuildPhase;
			buildActionMask = 2147483647;
			files = (
				4CF27A562BB8BD8300ED8C4D /* ContentView.swift in Sources */,
				4CF27A6A2BB8CD1400ED8C4D /* HandTrackModel.swift in Sources */,
				4CF27A662BB8BDB800ED8C4D /* SharedSpaceModel.swift in Sources */,
				4CF27A542BB8BD8300ED8C4D /* SharedSpaceMenuApp.swift in Sources */,
				4C81BC1F2BB8FD2700F6177B /* ViewModel.swift in Sources */,
				4CF27A582BB8BD8300ED8C4D /* ImmersiveView.swift in Sources */,
			);
			runOnlyForDeploymentPostprocessing = 0;
		};
/* End PBXSourcesBuildPhase section */

/* Begin XCBuildConfiguration section */
		4CF27A5F2BB8BD8500ED8C4D /* Debug */ = {
			isa = XCBuildConfiguration;
			buildSettings = {
				ALWAYS_SEARCH_USER_PATHS = NO;
				ASSETCATALOG_COMPILER_GENERATE_SWIFT_ASSET_SYMBOL_EXTENSIONS = YES;
				CLANG_ANALYZER_NONNULL = YES;
				CLANG_ANALYZER_NUMBER_OBJECT_CONVERSION = YES_AGGRESSIVE;
				CLANG_CXX_LANGUAGE_STANDARD = "gnu++20";
				CLANG_ENABLE_MODULES = YES;
				CLANG_ENABLE_OBJC_ARC = YES;
				CLANG_ENABLE_OBJC_WEAK = YES;
				CLANG_WARN_BLOCK_CAPTURE_AUTORELEASING = YES;
				CLANG_WARN_BOOL_CONVERSION = YES;
				CLANG_WARN_COMMA = YES;
				CLANG_WARN_CONSTANT_CONVERSION = YES;
				CLANG_WARN_DEPRECATED_OBJC_IMPLEMENTATIONS = YES;
				CLANG_WARN_DIRECT_OBJC_ISA_USAGE = YES_ERROR;
				CLANG_WARN_DOCUMENTATION_COMMENTS = YES;
				CLANG_WARN_EMPTY_BODY = YES;
				CLANG_WARN_ENUM_CONVERSION = YES;
				CLANG_WARN_INFINITE_RECURSION = YES;
				CLANG_WARN_INT_CONVERSION = YES;
				CLANG_WARN_NON_LITERAL_NULL_CONVERSION = YES;
				CLANG_WARN_OBJC_IMPLICIT_RETAIN_SELF = YES;
				CLANG_WARN_OBJC_LITERAL_CONVERSION = YES;
				CLANG_WARN_OBJC_ROOT_CLASS = YES_ERROR;
				CLANG_WARN_QUOTED_INCLUDE_IN_FRAMEWORK_HEADER = YES;
				CLANG_WARN_RANGE_LOOP_ANALYSIS = YES;
				CLANG_WARN_STRICT_PROTOTYPES = YES;
				CLANG_WARN_SUSPICIOUS_MOVE = YES;
				CLANG_WARN_UNGUARDED_AVAILABILITY = YES_AGGRESSIVE;
				CLANG_WARN_UNREACHABLE_CODE = YES;
				CLANG_WARN__DUPLICATE_METHOD_MATCH = YES;
				COPY_PHASE_STRIP = NO;
				DEBUG_INFORMATION_FORMAT = dwarf;
				ENABLE_STRICT_OBJC_MSGSEND = YES;
				ENABLE_TESTABILITY = YES;
				ENABLE_USER_SCRIPT_SANDBOXING = YES;
				GCC_C_LANGUAGE_STANDARD = gnu17;
				GCC_DYNAMIC_NO_PIC = NO;
				GCC_NO_COMMON_BLOCKS = YES;
				GCC_OPTIMIZATION_LEVEL = 0;
				GCC_PREPROCESSOR_DEFINITIONS = (
					"DEBUG=1",
					"$(inherited)",
				);
				GCC_WARN_64_TO_32_BIT_CONVERSION = YES;
				GCC_WARN_ABOUT_RETURN_TYPE = YES_ERROR;
				GCC_WARN_UNDECLARED_SELECTOR = YES;
				GCC_WARN_UNINITIALIZED_AUTOS = YES_AGGRESSIVE;
				GCC_WARN_UNUSED_FUNCTION = YES;
				GCC_WARN_UNUSED_VARIABLE = YES;
				LOCALIZATION_PREFERS_STRING_CATALOGS = YES;
				MTL_ENABLE_DEBUG_INFO = INCLUDE_SOURCE;
				MTL_FAST_MATH = YES;
				ONLY_ACTIVE_ARCH = YES;
				SDKROOT = xros;
				SWIFT_ACTIVE_COMPILATION_CONDITIONS = "DEBUG $(inherited)";
				SWIFT_OPTIMIZATION_LEVEL = "-Onone";
				XROS_DEPLOYMENT_TARGET = 1.0;
			};
			name = Debug;
		};
		4CF27A602BB8BD8500ED8C4D /* Release */ = {
			isa = XCBuildConfiguration;
			buildSettings = {
				ALWAYS_SEARCH_USER_PATHS = NO;
				ASSETCATALOG_COMPILER_GENERATE_SWIFT_ASSET_SYMBOL_EXTENSIONS = YES;
				CLANG_ANALYZER_NONNULL = YES;
				CLANG_ANALYZER_NUMBER_OBJECT_CONVERSION = YES_AGGRESSIVE;
				CLANG_CXX_LANGUAGE_STANDARD = "gnu++20";
				CLANG_ENABLE_MODULES = YES;
				CLANG_ENABLE_OBJC_ARC = YES;
				CLANG_ENABLE_OBJC_WEAK = YES;
				CLANG_WARN_BLOCK_CAPTURE_AUTORELEASING = YES;
				CLANG_WARN_BOOL_CONVERSION = YES;
				CLANG_WARN_COMMA = YES;
				CLANG_WARN_CONSTANT_CONVERSION = YES;
				CLANG_WARN_DEPRECATED_OBJC_IMPLEMENTATIONS = YES;
				CLANG_WARN_DIRECT_OBJC_ISA_USAGE = YES_ERROR;
				CLANG_WARN_DOCUMENTATION_COMMENTS = YES;
				CLANG_WARN_EMPTY_BODY = YES;
				CLANG_WARN_ENUM_CONVERSION = YES;
				CLANG_WARN_INFINITE_RECURSION = YES;
				CLANG_WARN_INT_CONVERSION = YES;
				CLANG_WARN_NON_LITERAL_NULL_CONVERSION = YES;
				CLANG_WARN_OBJC_IMPLICIT_RETAIN_SELF = YES;
				CLANG_WARN_OBJC_LITERAL_CONVERSION = YES;
				CLANG_WARN_OBJC_ROOT_CLASS = YES_ERROR;
				CLANG_WARN_QUOTED_INCLUDE_IN_FRAMEWORK_HEADER = YES;
				CLANG_WARN_RANGE_LOOP_ANALYSIS = YES;
				CLANG_WARN_STRICT_PROTOTYPES = YES;
				CLANG_WARN_SUSPICIOUS_MOVE = YES;
				CLANG_WARN_UNGUARDED_AVAILABILITY = YES_AGGRESSIVE;
				CLANG_WARN_UNREACHABLE_CODE = YES;
				CLANG_WARN__DUPLICATE_METHOD_MATCH = YES;
				COPY_PHASE_STRIP = NO;
				DEBUG_INFORMATION_FORMAT = "dwarf-with-dsym";
				ENABLE_NS_ASSERTIONS = NO;
				ENABLE_STRICT_OBJC_MSGSEND = YES;
				ENABLE_USER_SCRIPT_SANDBOXING = YES;
				GCC_C_LANGUAGE_STANDARD = gnu17;
				GCC_NO_COMMON_BLOCKS = YES;
				GCC_WARN_64_TO_32_BIT_CONVERSION = YES;
				GCC_WARN_ABOUT_RETURN_TYPE = YES_ERROR;
				GCC_WARN_UNDECLARED_SELECTOR = YES;
				GCC_WARN_UNINITIALIZED_AUTOS = YES_AGGRESSIVE;
				GCC_WARN_UNUSED_FUNCTION = YES;
				GCC_WARN_UNUSED_VARIABLE = YES;
				LOCALIZATION_PREFERS_STRING_CATALOGS = YES;
				MTL_ENABLE_DEBUG_INFO = NO;
				MTL_FAST_MATH = YES;
				SDKROOT = xros;
				SWIFT_COMPILATION_MODE = wholemodule;
				VALIDATE_PRODUCT = YES;
				XROS_DEPLOYMENT_TARGET = 1.0;
			};
			name = Release;
		};
		4CF27A622BB8BD8500ED8C4D /* Debug */ = {
			isa = XCBuildConfiguration;
			buildSettings = {
				ASSETCATALOG_COMPILER_APPICON_NAME = AppIcon;
				ASSETCATALOG_COMPILER_GLOBAL_ACCENT_COLOR_NAME = AccentColor;
				CODE_SIGN_STYLE = Automatic;
				CURRENT_PROJECT_VERSION = 1;
				DEVELOPMENT_ASSET_PATHS = "\"SharedSpaceMenu/Preview Content\"";
				DEVELOPMENT_TEAM = CATM9F8TCA;
				ENABLE_PREVIEWS = YES;
				GENERATE_INFOPLIST_FILE = YES;
				INFOPLIST_FILE = "$(TARGET_NAME)/Info.plist";
				LD_RUNPATH_SEARCH_PATHS = (
					"$(inherited)",
					"@executable_path/Frameworks",
				);
				MARKETING_VERSION = 1.0;
				PRODUCT_BUNDLE_IDENTIFIER = pokipokipoki.SharedSpaceMenu;
				PRODUCT_NAME = "$(TARGET_NAME)";
				SUPPORTED_PLATFORMS = "xros xrsimulator";
				SWIFT_EMIT_LOC_STRINGS = YES;
				SWIFT_VERSION = 5.0;
				TARGETED_DEVICE_FAMILY = "1,2,7";
				XROS_DEPLOYMENT_TARGET = 1.0;
			};
			name = Debug;
		};
		4CF27A632BB8BD8500ED8C4D /* Release */ = {
			isa = XCBuildConfiguration;
			buildSettings = {
				ASSETCATALOG_COMPILER_APPICON_NAME = AppIcon;
				ASSETCATALOG_COMPILER_GLOBAL_ACCENT_COLOR_NAME = AccentColor;
				CODE_SIGN_STYLE = Automatic;
				CURRENT_PROJECT_VERSION = 1;
				DEVELOPMENT_ASSET_PATHS = "\"SharedSpaceMenu/Preview Content\"";
				DEVELOPMENT_TEAM = CATM9F8TCA;
				ENABLE_PREVIEWS = YES;
				GENERATE_INFOPLIST_FILE = YES;
				INFOPLIST_FILE = "$(TARGET_NAME)/Info.plist";
				LD_RUNPATH_SEARCH_PATHS = (
					"$(inherited)",
					"@executable_path/Frameworks",
				);
				MARKETING_VERSION = 1.0;
				PRODUCT_BUNDLE_IDENTIFIER = pokipokipoki.SharedSpaceMenu;
				PRODUCT_NAME = "$(TARGET_NAME)";
				SUPPORTED_PLATFORMS = "xros xrsimulator";
				SWIFT_EMIT_LOC_STRINGS = YES;
				SWIFT_VERSION = 5.0;
				TARGETED_DEVICE_FAMILY = "1,2,7";
				XROS_DEPLOYMENT_TARGET = 1.0;
			};
			name = Release;
		};
/* End XCBuildConfiguration section */

/* Begin XCConfigurationList section */
		4CF27A472BB8BD8300ED8C4D /* Build configuration list for PBXProject "SharedSpaceMenu" */ = {
			isa = XCConfigurationList;
			buildConfigurations = (
				4CF27A5F2BB8BD8500ED8C4D /* Debug */,
				4CF27A602BB8BD8500ED8C4D /* Release */,
			);
			defaultConfigurationIsVisible = 0;
			defaultConfigurationName = Release;
		};
		4CF27A612BB8BD8500ED8C4D /* Build configuration list for PBXNativeTarget "SharedSpaceMenu" */ = {
			isa = XCConfigurationList;
			buildConfigurations = (
				4CF27A622BB8BD8500ED8C4D /* Debug */,
				4CF27A632BB8BD8500ED8C4D /* Release */,
			);
			defaultConfigurationIsVisible = 0;
			defaultConfigurationName = Release;
		};
/* End XCConfigurationList section */

/* Begin XCSwiftPackageProductDependency section */
		4CF27A512BB8BD8300ED8C4D /* RealityKitContent */ = {
			isa = XCSwiftPackageProductDependency;
			productName = RealityKitContent;
		};
/* End XCSwiftPackageProductDependency section */
	};
	rootObject = 4CF27A442BB8BD8300ED8C4D /* Project object */;
}
